PODS:
  - Flutter (1.0.0)
  - FMDB (2.7.2):
    - FMDB/standard (= 2.7.2)
  - FMDB/standard (2.7.2)
  - image_picker (0.0.1):
    - Flutter
  - import_file (0.0.1):
    - Flutter
  - path_provider (0.0.1):
    - Flutter
  - share (0.0.1):
    - Flutter
  - shared_preferences (0.0.1):
    - Flutter
  - sqflite (0.0.1):
    - Flutter
    - FMDB (~> 2.7.2)

DEPENDENCIES:
  - Flutter (from `Pods/.symlinks/flutter/ios`)
  - image_picker (from `Pods/.symlinks/plugins/image_picker/ios`)
  - import_file (from `Pods/.symlinks/plugins/import_file/ios`)
  - path_provider (from `Pods/.symlinks/plugins/path_provider/ios`)
  - share (from `Pods/.symlinks/plugins/share/ios`)
  - shared_preferences (from `Pods/.symlinks/plugins/shared_preferences/ios`)
  - sqflite (from `Pods/.symlinks/plugins/sqflite/ios`)

SPEC REPOS:
  https://github.com/CocoaPods/Specs.git:
    - FMDB

EXTERNAL SOURCES:
  Flutter:
    :path: Pods/.symlinks/flutter/ios
  image_picker:
    :path: Pods/.symlinks/plugins/image_picker/ios
  import_file:
    :path: Pods/.symlinks/plugins/import_file/ios
  path_provider:
    :path: Pods/.symlinks/plugins/path_provider/ios
  share:
    :path: Pods/.symlinks/plugins/share/ios
  shared_preferences:
    :path: Pods/.symlinks/plugins/shared_preferences/ios
  sqflite:
    :path: Pods/.symlinks/plugins/sqflite/ios

SPEC CHECKSUMS:
  Flutter: 9d0fac939486c9aba2809b7982dfdbb47a7b0296
  FMDB: 6198a90e7b6900cfc046e6bc0ef6ebb7be9236aa
  image_picker: ee00aab0487cedc80a304085219503cc6d0f2e22
  import_file: 0a6d5fc37cf642f9219b7a30e7d7b6e78630a683
  path_provider: 09407919825bfe3c2deae39453b7a5b44f467873
  share: 8d04605548e55f7ce4ebb7b3e933f3c85028c9cf
  shared_preferences: 5a1d487c427ee18fcd3ea1f2a131569481834b53
  sqflite: d1612813fa7db7c667bed9f1d1b508deffc56999

PODFILE CHECKSUM: 13dcf421f4da2e937a57e8ba760ed880beae536f

COCOAPODS: 1.5.0
